// !$*UTF8*$!
{
	archiveVersion = 1;
	classes = {
	};
	objectVersion = 56;
	objects = {

/* Begin PBXBuildFile section */
		64E0061F292FA72C00BEBA8F /* main.cpp in Sources */ = {isa = PBXBuildFile; fileRef = 64E0061E292FA72C00BEBA8F /* main.cpp */; };
		64E00627292FA78A00BEBA8F /* argument.cpp in Sources */ = {isa = PBXBuildFile; fileRef = 64E00626292FA78A00BEBA8F /* argument.cpp */; };
		64E0062F292FA7A100BEBA8F /* uop.cpp in Sources */ = {isa = PBXBuildFile; fileRef = 64E0062B292FA7A100BEBA8F /* uop.cpp */; };
		64E00630292FA7A100BEBA8F /* multi.cpp in Sources */ = {isa = PBXBuildFile; fileRef = 64E0062C292FA7A100BEBA8F /* multi.cpp */; };
		64E00631292FA7A100BEBA8F /* hash.cpp in Sources */ = {isa = PBXBuildFile; fileRef = 64E0062E292FA7A100BEBA8F /* hash.cpp */; };
		64E00634292FA7D900BEBA8F /* libz.tbd in Frameworks */ = {isa = PBXBuildFile; fileRef = 64E00633292FA7D100BEBA8F /* libz.tbd */; };
/* End PBXBuildFile section */

/* Begin PBXCopyFilesBuildPhase section */
		64E00619292FA72C00BEBA8F /* CopyFiles */ = {
			isa = PBXCopyFilesBuildPhase;
			buildActionMask = 2147483647;
			dstPath = /usr/share/man/man1/;
			dstSubfolderSpec = 0;
			files = (
			);
			runOnlyForDeploymentPostprocessing = 1;
		};
/* End PBXCopyFilesBuildPhase section */

/* Begin PBXFileReference section */
		64E0061B292FA72C00BEBA8F /* convertmulti */ = {isa = PBXFileReference; explicitFileType = "compiled.mach-o.executable"; includeInIndex = 0; path = convertmulti; sourceTree = BUILT_PRODUCTS_DIR; };
		64E0061E292FA72C00BEBA8F /* main.cpp */ = {isa = PBXFileReference; lastKnownFileType = sourcecode.cpp.cpp; path = main.cpp; sourceTree = "<group>"; };
		64E00625292FA78A00BEBA8F /* argument.hpp */ = {isa = PBXFileReference; fileEncoding = 4; lastKnownFileType = sourcecode.cpp.h; path = argument.hpp; sourceTree = "<group>"; };
		64E00626292FA78A00BEBA8F /* argument.cpp */ = {isa = PBXFileReference; fileEncoding = 4; lastKnownFileType = sourcecode.cpp.cpp; path = argument.cpp; sourceTree = "<group>"; };
		64E00628292FA7A100BEBA8F /* multi.hpp */ = {isa = PBXFileReference; fileEncoding = 4; lastKnownFileType = sourcecode.cpp.h; path = multi.hpp; sourceTree = "<group>"; };
		64E00629292FA7A100BEBA8F /* hash.hpp */ = {isa = PBXFileReference; fileEncoding = 4; lastKnownFileType = sourcecode.cpp.h; path = hash.hpp; sourceTree = "<group>"; };
		64E0062A292FA7A100BEBA8F /* strutil.hpp */ = {isa = PBXFileReference; fileEncoding = 4; lastKnownFileType = sourcecode.cpp.h; path = strutil.hpp; sourceTree = "<group>"; };
		64E0062B292FA7A100BEBA8F /* uop.cpp */ = {isa = PBXFileReference; fileEncoding = 4; lastKnownFileType = sourcecode.cpp.cpp; path = uop.cpp; sourceTree = "<group>"; };
		64E0062C292FA7A100BEBA8F /* multi.cpp */ = {isa = PBXFileReference; fileEncoding = 4; lastKnownFileType = sourcecode.cpp.cpp; path = multi.cpp; sourceTree = "<group>"; };
		64E0062D292FA7A100BEBA8F /* uop.hpp */ = {isa = PBXFileReference; fileEncoding = 4; lastKnownFileType = sourcecode.cpp.h; path = uop.hpp; sourceTree = "<group>"; };
		64E0062E292FA7A100BEBA8F /* hash.cpp */ = {isa = PBXFileReference; fileEncoding = 4; lastKnownFileType = sourcecode.cpp.cpp; path = hash.cpp; sourceTree = "<group>"; };
		64E00633292FA7D100BEBA8F /* libz.tbd */ = {isa = PBXFileReference; lastKnownFileType = "sourcecode.text-based-dylib-definition"; name = libz.tbd; path = usr/lib/libz.tbd; sourceTree = SDKROOT; };
/* End PBXFileReference section */

/* Begin PBXFrameworksBuildPhase section */
		64E00618292FA72C00BEBA8F /* Frameworks */ = {
			isa = PBXFrameworksBuildPhase;
			buildActionMask = 2147483647;
			files = (
				64E00634292FA7D900BEBA8F /* libz.tbd in Frameworks */,
			);
			runOnlyForDeploymentPostprocessing = 0;
		};
/* End PBXFrameworksBuildPhase section */

/* Begin PBXGroup section */
		64E00612292FA72C00BEBA8F = {
			isa = PBXGroup;
			children = (
				64E0061D292FA72C00BEBA8F /* source */,
				64E0061C292FA72C00BEBA8F /* Products */,
				64E00632292FA7D100BEBA8F /* Frameworks */,
			);
			sourceTree = "<group>";
		};
		64E0061C292FA72C00BEBA8F /* Products */ = {
			isa = PBXGroup;
			children = (
				64E0061B292FA72C00BEBA8F /* convertmulti */,
			);
			name = Products;
			sourceTree = "<group>";
		};
		64E0061D292FA72C00BEBA8F /* source */ = {
			isa = PBXGroup;
			children = (
				64E0062E292FA7A100BEBA8F /* hash.cpp */,
				64E00629292FA7A100BEBA8F /* hash.hpp */,
				64E0062C292FA7A100BEBA8F /* multi.cpp */,
				64E00628292FA7A100BEBA8F /* multi.hpp */,
				64E0062A292FA7A100BEBA8F /* strutil.hpp */,
				64E0062B292FA7A100BEBA8F /* uop.cpp */,
				64E0062D292FA7A100BEBA8F /* uop.hpp */,
				64E00626292FA78A00BEBA8F /* argument.cpp */,
				64E00625292FA78A00BEBA8F /* argument.hpp */,
				64E0061E292FA72C00BEBA8F /* main.cpp */,
			);
			path = source;
			sourceTree = "<group>";
		};
		64E00632292FA7D100BEBA8F /* Frameworks */ = {
			isa = PBXGroup;
			children = (
				64E00633292FA7D100BEBA8F /* libz.tbd */,
			);
			name = Frameworks;
			sourceTree = "<group>";
		};
/* End PBXGroup section */

/* Begin PBXNativeTarget section */
		64E0061A292FA72C00BEBA8F /* convertmulti */ = {
			isa = PBXNativeTarget;
			buildConfigurationList = 64E00622292FA72C00BEBA8F /* Build configuration list for PBXNativeTarget "convertmulti" */;
			buildPhases = (
				64E00617292FA72C00BEBA8F /* Sources */,
				64E00618292FA72C00BEBA8F /* Frameworks */,
				64E00619292FA72C00BEBA8F /* CopyFiles */,
			);
			buildRules = (
			);
			dependencies = (
			);
			name = convertmulti;
			productName = convertmulti;
			productReference = 64E0061B292FA72C00BEBA8F /* convertmulti */;
			productType = "com.apple.product-type.tool";
		};
/* End PBXNativeTarget section */

/* Begin PBXProject section */
		64E00613292FA72C00BEBA8F /* Project object */ = {
			isa = PBXProject;
			attributes = {
				BuildIndependentTargetsInParallel = 1;
				LastUpgradeCheck = 1410;
				ORGANIZATIONNAME = "Charles Kerr";
				TargetAttributes = {
					64E0061A292FA72C00BEBA8F = {
						CreatedOnToolsVersion = 14.1;
					};
				};
			};
			buildConfigurationList = 64E00616292FA72C00BEBA8F /* Build configuration list for PBXProject "convertmulti" */;
			compatibilityVersion = "Xcode 14.0";
			developmentRegion = en;
			hasScannedForEncodings = 0;
			knownRegions = (
				en,
				Base,
			);
			mainGroup = 64E00612292FA72C00BEBA8F;
			productRefGroup = 64E0061C292FA72C00BEBA8F /* Products */;
			projectDirPath = "";
			projectRoot = "";
			targets = (
				64E0061A292FA72C00BEBA8F /* convertmulti */,
			);
		};
/* End PBXProject section */

/* Begin PBXSourcesBuildPhase section */
		64E00617292FA72C00BEBA8F /* Sources */ = {
			isa = PBXSourcesBuildPhase;
			buildActionMask = 2147483647;
			files = (
				64E0062F292FA7A100BEBA8F /* uop.cpp in Sources */,
				64E00630292FA7A100BEBA8F /* multi.cpp in Sources */,
				64E00627292FA78A00BEBA8F /* argument.cpp in Sources */,
				64E00631292FA7A100BEBA8F /* hash.cpp in Sources */,
				64E0061F292FA72C00BEBA8F /* main.cpp in Sources */,
			);
			runOnlyForDeploymentPostprocessing = 0;
		};
/* End PBXSourcesBuildPhase section */

/* Begin XCBuildConfiguration section */
		64E00620292FA72C00BEBA8F /* Debug */ = {
			isa = XCBuildConfiguration;
			buildSettings = {
				ALWAYS_SEARCH_USER_PATHS = NO;
				CLANG_ANALYZER_NONNULL = YES;
				CLANG_ANALYZER_NUMBER_OBJECT_CONVERSION = YES_AGGRESSIVE;
				CLANG_CXX_LANGUAGE_STANDARD = "gnu++20";
				CLANG_ENABLE_MODULES = YES;
				CLANG_ENABLE_OBJC_ARC = YES;
				CLANG_ENABLE_OBJC_WEAK = YES;
				CLANG_WARN_BLOCK_CAPTURE_AUTORELEASING = YES;
				CLANG_WARN_BOOL_CONVERSION = YES;
				CLANG_WARN_COMMA = YES;
				CLANG_WARN_CONSTANT_CONVERSION = YES;
				CLANG_WARN_DEPRECATED_OBJC_IMPLEMENTATIONS = YES;
				CLANG_WARN_DIRECT_OBJC_ISA_USAGE = YES_ERROR;
				CLANG_WARN_DOCUMENTATION_COMMENTS = YES;
				CLANG_WARN_EMPTY_BODY = YES;
				CLANG_WARN_ENUM_CONVERSION = YES;
				CLANG_WARN_INFINITE_RECURSION = YES;
				CLANG_WARN_INT_CONVERSION = YES;
				CLANG_WARN_NON_LITERAL_NULL_CONVERSION = YES;
				CLANG_WARN_OBJC_IMPLICIT_RETAIN_SELF = YES;
				CLANG_WARN_OBJC_LITERAL_CONVERSION = YES;
				CLANG_WARN_OBJC_ROOT_CLASS = YES_ERROR;
				CLANG_WARN_QUOTED_INCLUDE_IN_FRAMEWORK_HEADER = YES;
				CLANG_WARN_RANGE_LOOP_ANALYSIS = YES;
				CLANG_WARN_STRICT_PROTOTYPES = YES;
				CLANG_WARN_SUSPICIOUS_MOVE = YES;
				CLANG_WARN_UNGUARDED_AVAILABILITY = YES_AGGRESSIVE;
				CLANG_WARN_UNREACHABLE_CODE = YES;
				CLANG_WARN__DUPLICATE_METHOD_MATCH = YES;
				COPY_PHASE_STRIP = NO;
				DEBUG_INFORMATION_FORMAT = dwarf;
				ENABLE_STRICT_OBJC_MSGSEND = YES;
				ENABLE_TESTABILITY = YES;
				GCC_C_LANGUAGE_STANDARD = gnu11;
				GCC_DYNAMIC_NO_PIC = NO;
				GCC_NO_COMMON_BLOCKS = YES;
				GCC_OPTIMIZATION_LEVEL = 0;
				GCC_PREPROCESSOR_DEFINITIONS = (
					"DEBUG=1",
					"$(inherited)",
				);
				GCC_WARN_64_TO_32_BIT_CONVERSION = YES;
				GCC_WARN_ABOUT_RETURN_TYPE = YES_ERROR;
				GCC_WARN_UNDECLARED_SELECTOR = YES;
				GCC_WARN_UNINITIALIZED_AUTOS = YES_AGGRESSIVE;
				GCC_WARN_UNUSED_FUNCTION = YES;
				GCC_WARN_UNUSED_VARIABLE = YES;
				MACOSX_DEPLOYMENT_TARGET = 13.0;
				MTL_ENABLE_DEBUG_INFO = INCLUDE_SOURCE;
				MTL_FAST_MATH = YES;
				ONLY_ACTIVE_ARCH = YES;
				SDKROOT = macosx;
			};
			name = Debug;
		};
		64E00621292FA72C00BEBA8F /* Release */ = {
			isa = XCBuildConfiguration;
			buildSettings = {
				ALWAYS_SEARCH_USER_PATHS = NO;
				CLANG_ANALYZER_NONNULL = YES;
				CLANG_ANALYZER_NUMBER_OBJECT_CONVERSION = YES_AGGRESSIVE;
				CLANG_CXX_LANGUAGE_STANDARD = "gnu++20";
				CLANG_ENABLE_MODULES = YES;
				CLANG_ENABLE_OBJC_ARC = YES;
				CLANG_ENABLE_OBJC_WEAK = YES;
				CLANG_WARN_BLOCK_CAPTURE_AUTORELEASING = YES;
				CLANG_WARN_BOOL_CONVERSION = YES;
				CLANG_WARN_COMMA = YES;
				CLANG_WARN_CONSTANT_CONVERSION = YES;
				CLANG_WARN_DEPRECATED_OBJC_IMPLEMENTATIONS = YES;
				CLANG_WARN_DIRECT_OBJC_ISA_USAGE = YES_ERROR;
				CLANG_WARN_DOCUMENTATION_COMMENTS = YES;
				CLANG_WARN_EMPTY_BODY = YES;
				CLANG_WARN_ENUM_CONVERSION = YES;
				CLANG_WARN_INFINITE_RECURSION = YES;
				CLANG_WARN_INT_CONVERSION = YES;
				CLANG_WARN_NON_LITERAL_NULL_CONVERSION = YES;
				CLANG_WARN_OBJC_IMPLICIT_RETAIN_SELF = YES;
				CLANG_WARN_OBJC_LITERAL_CONVERSION = YES;
				CLANG_WARN_OBJC_ROOT_CLASS = YES_ERROR;
				CLANG_WARN_QUOTED_INCLUDE_IN_FRAMEWORK_HEADER = YES;
				CLANG_WARN_RANGE_LOOP_ANALYSIS = YES;
				CLANG_WARN_STRICT_PROTOTYPES = YES;
				CLANG_WARN_SUSPICIOUS_MOVE = YES;
				CLANG_WARN_UNGUARDED_AVAILABILITY = YES_AGGRESSIVE;
				CLANG_WARN_UNREACHABLE_CODE = YES;
				CLANG_WARN__DUPLICATE_METHOD_MATCH = YES;
				COPY_PHASE_STRIP = NO;
				DEBUG_INFORMATION_FORMAT = "dwarf-with-dsym";
				ENABLE_NS_ASSERTIONS = NO;
				ENABLE_STRICT_OBJC_MSGSEND = YES;
				GCC_C_LANGUAGE_STANDARD = gnu11;
				GCC_NO_COMMON_BLOCKS = YES;
				GCC_WARN_64_TO_32_BIT_CONVERSION = YES;
				GCC_WARN_ABOUT_RETURN_TYPE = YES_ERROR;
				GCC_WARN_UNDECLARED_SELECTOR = YES;
				GCC_WARN_UNINITIALIZED_AUTOS = YES_AGGRESSIVE;
				GCC_WARN_UNUSED_FUNCTION = YES;
				GCC_WARN_UNUSED_VARIABLE = YES;
				MACOSX_DEPLOYMENT_TARGET = 13.0;
				MTL_ENABLE_DEBUG_INFO = NO;
				MTL_FAST_MATH = YES;
				SDKROOT = macosx;
			};
			name = Release;
		};
		64E00623292FA72C00BEBA8F /* Debug */ = {
			isa = XCBuildConfiguration;
			buildSettings = {
				CODE_SIGN_STYLE = Automatic;
				DEVELOPMENT_TEAM = CF264WE69M;
				ENABLE_HARDENED_RUNTIME = YES;
				PRODUCT_NAME = "$(TARGET_NAME)";
			};
			name = Debug;
		};
		64E00624292FA72C00BEBA8F /* Release */ = {
			isa = XCBuildConfiguration;
			buildSettings = {
				CODE_SIGN_STYLE = Automatic;
				DEVELOPMENT_TEAM = CF264WE69M;
				ENABLE_HARDENED_RUNTIME = YES;
				PRODUCT_NAME = "$(TARGET_NAME)";
			};
			name = Release;
		};
/* End XCBuildConfiguration section */

/* Begin XCConfigurationList section */
		64E00616292FA72C00BEBA8F /* Build configuration list for PBXProject "convertmulti" */ = {
			isa = XCConfigurationList;
			buildConfigurations = (
				64E00620292FA72C00BEBA8F /* Debug */,
				64E00621292FA72C00BEBA8F /* Release */,
			);
			defaultConfigurationIsVisible = 0;
			defaultConfigurationName = Release;
		};
		64E00622292FA72C00BEBA8F /* Build configuration list for PBXNativeTarget "convertmulti" */ = {
			isa = XCConfigurationList;
			buildConfigurations = (
				64E00623292FA72C00BEBA8F /* Debug */,
				64E00624292FA72C00BEBA8F /* Release */,
			);
			defaultConfigurationIsVisible = 0;
			defaultConfigurationName = Release;
		};
/* End XCConfigurationList section */
	};
	rootObject = 64E00613292FA72C00BEBA8F /* Project object */;
}
